
Microsoft Visual Studio Solution File, Format Version 12.00
# Visual Studio Version 17
VisualStudioVersion = 17.9.34728.123
MinimumVisualStudioVersion = 10.0.40219.1
Project("{FAE04EC0-301F-11D3-BF4B-00C04F79EFBC}") = "Messages", "Messages\Messages.csproj", "{78A85482-E78E-4F36-A0C1-D122E30BFC8F}"
EndProject
Global
	GlobalSection(SolutionConfigurationPlatforms) = preSolution
		Debug|Any CPU = Debug|Any CPU
		Release|Any CPU = Release|Any CPU
	EndGlobalSection
	GlobalSection(ProjectConfigurationPlatforms) = postSolution
		{78A85482-E78E-4F36-A0C1-D122E30BFC8F}.Debug|Any CPU.ActiveCfg = Debug|Any CPU
		{78A85482-E78E-4F36-A0C1-D122E30BFC8F}.Debug|Any CPU.Build.0 = Debug|Any CPU
		{78A85482-E78E-4F36-A0C1-D122E30BFC8F}.Release|Any CPU.ActiveCfg = Release|Any CPU
		{78A85482-E78E-4F36-A0C1-D122E30BFC8F}.Release|Any CPU.Build.0 = Release|Any CPU
	EndGlobalSection
	GlobalSection(SolutionProperties) = preSolution
		HideSolutionNode = FALSE
	EndGlobalSection
	GlobalSection(ExtensibilityGlobals) = postSolution
		SolutionGuid = {CBE9A237-6D7A-46CE-93E4-14975C799CC9}
	EndGlobalSection
EndGlobal
